
Microsoft Visual Studio Solution File, Format Version 12.00
# Visual Studio Version 16
VisualStudioVersion = 16.0.29613.14
MinimumVisualStudioVersion = 10.0.40219.1
Project("{FAE04EC0-301F-11D3-BF4B-00C04F79EFBC}") = "JSFW.ScreenDefinition", "JSFW.ScreenDefinition\JSFW.ScreenDefinition.csproj", "{5A536F7B-A363-4F4D-B0F9-1715ABA9BA4E}"
EndProject
Global
	GlobalSection(SolutionConfigurationPlatforms) = preSolution
		Debug|Any CPU = Debug|Any CPU
		Debug|x64 = Debug|x64
		Debug|x86 = Debug|x86
		Release|Any CPU = Release|Any CPU
		Release|x64 = Release|x64
		Release|x86 = Release|x86
	EndGlobalSection
	GlobalSection(ProjectConfigurationPlatforms) = postSolution
		{5A536F7B-A363-4F4D-B0F9-1715ABA9BA4E}.Debug|Any CPU.ActiveCfg = Debug|Any CPU
		{5A536F7B-A363-4F4D-B0F9-1715ABA9BA4E}.Debug|Any CPU.Build.0 = Debug|Any CPU
		{5A536F7B-A363-4F4D-B0F9-1715ABA9BA4E}.Debug|x64.ActiveCfg = Debug|x64
		{5A536F7B-A363-4F4D-B0F9-1715ABA9BA4E}.Debug|x64.Build.0 = Debug|x64
		{5A536F7B-A363-4F4D-B0F9-1715ABA9BA4E}.Debug|x86.ActiveCfg = Debug|Any CPU
		{5A536F7B-A363-4F4D-B0F9-1715ABA9BA4E}.Debug|x86.Build.0 = Debug|Any CPU
		{5A536F7B-A363-4F4D-B0F9-1715ABA9BA4E}.Release|Any CPU.ActiveCfg = Release|Any CPU
		{5A536F7B-A363-4F4D-B0F9-1715ABA9BA4E}.Release|Any CPU.Build.0 = Release|Any CPU
		{5A536F7B-A363-4F4D-B0F9-1715ABA9BA4E}.Release|x64.ActiveCfg = Release|x64
		{5A536F7B-A363-4F4D-B0F9-1715ABA9BA4E}.Release|x64.Build.0 = Release|x64
		{5A536F7B-A363-4F4D-B0F9-1715ABA9BA4E}.Release|x86.ActiveCfg = Release|Any CPU
		{5A536F7B-A363-4F4D-B0F9-1715ABA9BA4E}.Release|x86.Build.0 = Release|Any CPU
	EndGlobalSection
	GlobalSection(SolutionProperties) = preSolution
		HideSolutionNode = FALSE
	EndGlobalSection
	GlobalSection(ExtensibilityGlobals) = postSolution
		SolutionGuid = {7C618C6C-464F-46A9-AB08-B5D56796E5F2}
	EndGlobalSection
EndGlobal
